{
    "_meta": {
        "hash": {
            "sha256": "a739e895eca2c970d20d85375c0d5ee6f53143d0f51d025e58202f595c1d7ee9"
        },
        "host-environment-markers": {
            "implementation_name": "cpython",
            "implementation_version": "3.6.4",
            "os_name": "posix",
            "platform_machine": "x86_64",
            "platform_python_implementation": "CPython",
            "platform_release": "17.4.0",
            "platform_system": "Darwin",
            "platform_version": "Darwin Kernel Version 17.4.0: Sun Dec 17 09:19:54 PST 2017; root:xnu-4570.41.2~1/RELEASE_X86_64",
            "python_full_version": "3.6.4",
            "python_version": "3.6",
            "sys_platform": "darwin"
        },
        "pipfile-spec": 6,
        "requires": {},
        "sources": [
            {
                "name": "pypi",
                "url": "https://pypi.python.org/simple",
                "verify_ssl": true
            }
        ]
    },
    "default": {
        "av": {
            "hashes": [
                "sha256:bb6a6abcae38087efe6eb4f8b29dcfbbb7b161b3177babb89fa754d9053e901c"
            ],
            "version": "==0.3.3"
        }
    },
    "develop": {}
}
